<?xml version="1.0" encoding="utf-8"?>
<Project ToolsVersion="4.0" xmlns="http://schemas.microsoft.com/developer/msbuild/2003">
  <ItemGroup>
    <Filter Include="Source Files">
      <UniqueIdentifier>{4FC737F1-C7A5-4376-A066-2A32D752A2FF}</UniqueIdentifier>
      <Extensions>cpp;c;cc;cxx;def;odl;idl;hpj;bat;asm;asmx</Extensions>
    </Filter>
    <Filter Include="Header Files">
      <UniqueIdentifier>{93995380-89BD-4b04-88EB-625FBE52EBFB}</UniqueIdentifier>
      <Extensions>h;hpp;hxx;hm;inl;inc;xsd</Extensions>
    </Filter>
    <Filter Include="Resource Files">
      <UniqueIdentifier>{67DA6AB6-F800-4c08-8B7A-83BB121AAD01}</UniqueIdentifier>
      <Extensions>rc;ico;cur;bmp;dlg;rc2;rct;bin;rgs;gif;jpg;jpeg;jpe;resx;tiff;tif;png;wav;mfcribbon-ms</Extensions>
    </Filter>
    <Filter Include="Header Files\Primitives">
      <UniqueIdentifier>{25c1eee9-ced7-4534-b931-051b65c82361}</UniqueIdentifier>
    </Filter>
    <Filter Include="Source Files\Primitives">
      <UniqueIdentifier>{1a13b64b-6bf3-47df-81a0-a1351f96e5b5}</UniqueIdentifier>
    </Filter>
    <Filter Include="Header Files\Notifications">
      <UniqueIdentifier>{7b89b95e-e20e-4f0f-84c1-4036346273fc}</UniqueIdentifier>
    </Filter>
    <Filter Include="Source Files\Notifications">
      <UniqueIdentifier>{a220edd8-f2ed-416b-bbed-ce641cc0369a}</UniqueIdentifier>
    </Filter>
    <Filter Include="Header Files\ViewControllers">
      <UniqueIdentifier>{9583f82b-0a58-41ea-8230-de3c2489bfd0}</UniqueIdentifier>
    </Filter>
    <Filter Include="Source Files\ViewControllers">
      <UniqueIdentifier>{1cbe08d5-c585-4e8b-a9a5-e60e2827937e}</UniqueIdentifier>
    </Filter>
    <Filter Include="Header Files\Rendering">
      <UniqueIdentifier>{97790e48-ff7f-47af-9bda-e8b9980a5ea5}</UniqueIdentifier>
    </Filter>
    <Filter Include="Source Files\Rendering">
      <UniqueIdentifier>{9e3b2e89-da96-4724-8c37-0bed57de89a7}</UniqueIdentifier>
    </Filter>
    <Filter Include="Header Files\Picking">
      <UniqueIdentifier>{37a67840-afde-4aa1-b3bc-6b7a01e2a97a}</UniqueIdentifier>
    </Filter>
    <Filter Include="Source Files\Picking">
      <UniqueIdentifier>{a5c0b2e9-427b-4082-bc14-db1e678cd61f}</UniqueIdentifier>
    </Filter>
  </ItemGroup>
  <ItemGroup>
    <None Include="ReadMe.txt" />
    <None Include="Geometry.reg" />
    <None Include="res\file_view.ico">
      <Filter>Resource Files</Filter>
    </None>
    <None Include="res\file_view_hc.ico">
      <Filter>Resource Files</Filter>
    </None>
    <None Include="res\class_view.ico">
      <Filter>Resource Files</Filter>
    </None>
    <None Include="res\class_view_hc.ico">
      <Filter>Resource Files</Filter>
    </None>
    <None Include="res\fileview.bmp">
      <Filter>Resource Files</Filter>
    </None>
    <None Include="res\fileview_hc.bmp">
      <Filter>Resource Files</Filter>
    </None>
    <None Include="res\classview.bmp">
      <Filter>Resource Files</Filter>
    </None>
    <None Include="res\classview_hc.bmp">
      <Filter>Resource Files</Filter>
    </None>
    <None Include="res\explorer.bmp">
      <Filter>Resource Files</Filter>
    </None>
    <None Include="res\explorer_hc.bmp">
      <Filter>Resource Files</Filter>
    </None>
    <None Include="res\sort.bmp">
      <Filter>Resource Files</Filter>
    </None>
    <None Include="res\sort_hc.bmp">
      <Filter>Resource Files</Filter>
    </None>
    <None Include="res\menuimages.bmp">
      <Filter>Resource Files</Filter>
    </None>
    <None Include="res\menuimages_hc.bmp">
      <Filter>Resource Files</Filter>
    </None>
    <None Include="res\output_wnd.ico">
      <Filter>Resource Files</Filter>
    </None>
    <None Include="res\output_wnd_hc.ico">
      <Filter>Resource Files</Filter>
    </None>
    <None Include="res\properties_wnd.ico">
      <Filter>Resource Files</Filter>
    </None>
    <None Include="res\properties_wnd_hc.ico">
      <Filter>Resource Files</Filter>
    </None>
    <None Include="res\properties.bmp">
      <Filter>Resource Files</Filter>
    </None>
    <None Include="res\properties_hc.bmp">
      <Filter>Resource Files</Filter>
    </None>
    <None Include="UserImages.bmp">
      <Filter>Resource Files</Filter>
    </None>
    <None Include="res\Geometry.rc2">
      <Filter>Resource Files</Filter>
    </None>
    <None Include="res\GeometryDoc.ico">
      <Filter>Resource Files</Filter>
    </None>
    <None Include="res\Geometry.ico">
      <Filter>Resource Files</Filter>
    </None>
    <None Include="res\Toolbar.bmp">
      <Filter>Resource Files</Filter>
    </None>
    <None Include="res\Toolbar256.bmp">
      <Filter>Resource Files</Filter>
    </None>
  </ItemGroup>
  <ItemGroup>
    <ClInclude Include="Geometry.h">
      <Filter>Header Files</Filter>
    </ClInclude>
    <ClInclude Include="stdafx.h">
      <Filter>Header Files</Filter>
    </ClInclude>
    <ClInclude Include="targetver.h">
      <Filter>Header Files</Filter>
    </ClInclude>
    <ClInclude Include="MainFrm.h">
      <Filter>Header Files</Filter>
    </ClInclude>
    <ClInclude Include="GeometryDoc.h">
      <Filter>Header Files</Filter>
    </ClInclude>
    <ClInclude Include="GeometryView.h">
      <Filter>Header Files</Filter>
    </ClInclude>
    <ClInclude Include="Resource.h">
      <Filter>Header Files</Filter>
    </ClInclude>
    <ClInclude Include="ViewTree.h">
      <Filter>Header Files</Filter>
    </ClInclude>
    <ClInclude Include="OutputWnd.h">
      <Filter>Header Files</Filter>
    </ClInclude>
    <ClInclude Include="PropertiesWnd.h">
      <Filter>Header Files</Filter>
    </ClInclude>
    <ClInclude Include="Primitives\Point2D.h">
      <Filter>Header Files\Primitives</Filter>
    </ClInclude>
    <ClInclude Include="Primitives\UIObject.h">
      <Filter>Header Files\Primitives</Filter>
    </ClInclude>
    <ClInclude Include="Primitives\IUIObject.h">
      <Filter>Header Files\Primitives</Filter>
    </ClInclude>
    <ClInclude Include="Primitives\UIPoint.h">
      <Filter>Header Files\Primitives</Filter>
    </ClInclude>
    <ClInclude Include="Notifications\NotificationCenter.h">
      <Filter>Header Files\Notifications</Filter>
    </ClInclude>
    <ClInclude Include="Notifications\Notifications.h">
      <Filter>Header Files\Notifications</Filter>
    </ClInclude>
    <ClInclude Include="ViewControllers\IViewController.h">
      <Filter>Header Files\ViewControllers</Filter>
    </ClInclude>
    <ClInclude Include="ViewControllers\ViewControllerMovePoint.h">
      <Filter>Header Files\ViewControllers</Filter>
    </ClInclude>
    <ClInclude Include="ViewControllers\ViewControllerCreatePoint.h">
      <Filter>Header Files\ViewControllers</Filter>
    </ClInclude>
    <ClInclude Include="ObjectsTreeView.h">
      <Filter>Header Files</Filter>
    </ClInclude>
    <ClInclude Include="Rendering\IRender.h">
      <Filter>Header Files\Rendering</Filter>
    </ClInclude>
    <ClInclude Include="Rendering\RenderFactory.h">
      <Filter>Header Files\Rendering</Filter>
    </ClInclude>
    <ClInclude Include="Rendering\UIPointRender.h">
      <Filter>Header Files\Rendering</Filter>
    </ClInclude>
    <ClInclude Include="Primitives\UISegment.h">
      <Filter>Header Files\Primitives</Filter>
    </ClInclude>
    <ClInclude Include="Rendering\UISegmentRender.h">
      <Filter>Header Files\Rendering</Filter>
    </ClInclude>
    <ClInclude Include="Rendering\Render.h">
      <Filter>Header Files\Rendering</Filter>
    </ClInclude>
    <ClInclude Include="Rendering\RenderTemplate.h">
      <Filter>Header Files\Rendering</Filter>
    </ClInclude>
    <ClInclude Include="ViewControllers\ViewControllerCreateSegment.h">
      <Filter>Header Files\ViewControllers</Filter>
    </ClInclude>
    <ClInclude Include="Primitives\Segment2D.h">
      <Filter>Header Files\Primitives</Filter>
    </ClInclude>
    <ClInclude Include="ViewControllers\ViewControllerSelectObject.h">
      <Filter>Header Files\ViewControllers</Filter>
    </ClInclude>
    <ClInclude Include="Picking\Picking.h">
      <Filter>Header Files\Picking</Filter>
    </ClInclude>
  </ItemGroup>
  <ItemGroup>
    <ClCompile Include="Geometry.cpp">
      <Filter>Source Files</Filter>
    </ClCompile>
    <ClCompile Include="stdafx.cpp">
      <Filter>Source Files</Filter>
    </ClCompile>
    <ClCompile Include="MainFrm.cpp">
      <Filter>Source Files</Filter>
    </ClCompile>
    <ClCompile Include="GeometryDoc.cpp">
      <Filter>Source Files</Filter>
    </ClCompile>
    <ClCompile Include="GeometryView.cpp">
      <Filter>Source Files</Filter>
    </ClCompile>
    <ClCompile Include="ViewTree.cpp">
      <Filter>Source Files</Filter>
    </ClCompile>
    <ClCompile Include="OutputWnd.cpp">
      <Filter>Source Files</Filter>
    </ClCompile>
    <ClCompile Include="PropertiesWnd.cpp">
      <Filter>Source Files</Filter>
    </ClCompile>
    <ClCompile Include="Primitives\Point2D.cpp">
      <Filter>Source Files\Primitives</Filter>
    </ClCompile>
    <ClCompile Include="Primitives\UIObject.cpp">
      <Filter>Source Files\Primitives</Filter>
    </ClCompile>
    <ClCompile Include="Primitives\UIPoint.cpp">
      <Filter>Source Files\Primitives</Filter>
    </ClCompile>
    <ClCompile Include="Notifications\NotificationCenter.cpp">
      <Filter>Source Files\Notifications</Filter>
    </ClCompile>
    <ClCompile Include="ViewControllers\ViewControllerMovePoint.cpp">
      <Filter>Source Files\ViewControllers</Filter>
    </ClCompile>
    <ClCompile Include="ViewControllers\ViewControllerCreatePoint.cpp">
      <Filter>Source Files\ViewControllers</Filter>
    </ClCompile>
    <ClCompile Include="ObjectsTreeView.cpp">
      <Filter>Source Files</Filter>
    </ClCompile>
    <ClCompile Include="Rendering\RenderFactory.cpp">
      <Filter>Source Files\Rendering</Filter>
    </ClCompile>
    <ClCompile Include="Rendering\UIPointRender.cpp">
      <Filter>Source Files\Rendering</Filter>
    </ClCompile>
    <ClCompile Include="Primitives\UISegment.cpp">
      <Filter>Source Files\Primitives</Filter>
    </ClCompile>
    <ClCompile Include="Rendering\UISegmentRender.cpp">
      <Filter>Source Files\Rendering</Filter>
    </ClCompile>
    <ClCompile Include="Rendering\Render.cpp">
      <Filter>Source Files\Rendering</Filter>
    </ClCompile>
    <ClCompile Include="ViewControllers\ViewControllerCreateSegment.cpp">
      <Filter>Source Files\ViewControllers</Filter>
    </ClCompile>
    <ClCompile Include="Primitives\Segment2D.cpp">
      <Filter>Source Files\Primitives</Filter>
    </ClCompile>
    <ClCompile Include="ViewControllers\ViewControllerSelectObject.cpp">
      <Filter>Source Files\ViewControllers</Filter>
    </ClCompile>
    <ClCompile Include="Picking\Picking.cpp">
      <Filter>Source Files\Picking</Filter>
    </ClCompile>
  </ItemGroup>
  <ItemGroup>
    <ResourceCompile Include="Geometry.rc">
      <Filter>Resource Files</Filter>
    </ResourceCompile>
  </ItemGroup>
</Project>